{
  "version": 4,
  "terraform_version": "1.0.5",
  "serial": 48,
  "lineage": "65147fde-b771-63c0-8569-0ad1442d12c1",
  "outputs": {
    "DNS_NSs": {
      "value": [
        "ns-1501.awsdns-59.org",
        "ns-1824.awsdns-36.co.uk",
        "ns-289.awsdns-36.com",
        "ns-587.awsdns-09.net"
      ],
      "type": [
        "list",
        "string"
      ]
    }
  },
  "resources": [
    {
      "mode": "data",
      "type": "aws_route53_zone",
      "name": "root_domain",
      "provider": "provider[\"registry.terraform.io/hashicorp/aws\"]",
      "instances": [
        {
          "schema_version": 0,
          "attributes": {
            "arn": "arn:aws:route53:::hostedzone/Z03842803RN7PG2CRVGSM",
            "caller_reference": "terraform-20210830220253226300000001",
            "comment": "Managed by Terraform",
            "id": "Z03842803RN7PG2CRVGSM",
            "linked_service_description": null,
            "linked_service_principal": null,
            "name": "collincornelius.com",
            "name_servers": [
              "ns-1501.awsdns-59.org",
              "ns-289.awsdns-36.com",
              "ns-1824.awsdns-36.co.uk",
              "ns-587.awsdns-09.net"
            ],
            "private_zone": false,
            "resource_record_set_count": 2,
            "tags": {},
            "vpc_id": null,
            "zone_id": "Z03842803RN7PG2CRVGSM"
          },
          "sensitive_attributes": []
        }
      ]
    },
    {
      "mode": "data",
      "type": "aws_s3_bucket",
      "name": "selected",
      "provider": "provider[\"registry.terraform.io/hashicorp/aws\"]",
      "instances": [
        {
          "schema_version": 0,
          "attributes": {
            "arn": "arn:aws:s3:::collincornelius.com",
            "bucket": "collincornelius.com",
            "bucket_domain_name": "collincornelius.com.s3.amazonaws.com",
            "bucket_regional_domain_name": "collincornelius.com.s3.us-west-2.amazonaws.com",
            "hosted_zone_id": "Z3BJ6K6RIION7M",
            "id": "collincornelius.com",
            "region": "us-west-2",
            "website_domain": "s3-website-us-west-2.amazonaws.com",
            "website_endpoint": "collincornelius.com.s3-website-us-west-2.amazonaws.com"
          },
          "sensitive_attributes": []
        }
      ]
    },
    {
      "mode": "managed",
      "type": "aws_route53_record",
      "name": "root_alias",
      "provider": "provider[\"registry.terraform.io/hashicorp/aws\"]",
      "instances": [
        {
          "schema_version": 2,
          "attributes": {
            "alias": [
              {
                "evaluate_target_health": false,
                "name": "s3-website-us-west-2.amazonaws.com",
                "zone_id": "Z3BJ6K6RIION7M"
              }
            ],
            "allow_overwrite": null,
            "failover_routing_policy": [],
            "fqdn": "collincornelius.com",
            "geolocation_routing_policy": [],
            "health_check_id": null,
            "id": "Z03842803RN7PG2CRVGSM__A",
            "latency_routing_policy": [],
            "multivalue_answer_routing_policy": null,
            "name": "",
            "records": null,
            "set_identifier": null,
            "ttl": null,
            "type": "A",
            "weighted_routing_policy": [],
            "zone_id": "Z03842803RN7PG2CRVGSM"
          },
          "sensitive_attributes": [],
          "private": "eyJzY2hlbWFfdmVyc2lvbiI6IjIifQ==",
          "dependencies": [
            "aws_route53_zone.primary",
            "aws_s3_bucket.pianosite_static",
            "data.aws_route53_zone.root_domain",
            "data.aws_s3_bucket.selected"
          ]
        }
      ]
    },
    {
      "mode": "managed",
      "type": "aws_route53_zone",
      "name": "primary",
      "provider": "provider[\"registry.terraform.io/hashicorp/aws\"]",
      "instances": [
        {
          "schema_version": 0,
          "attributes": {
            "arn": "arn:aws:route53:::hostedzone/Z03842803RN7PG2CRVGSM",
            "comment": "Managed by Terraform",
            "delegation_set_id": "",
            "force_destroy": false,
            "id": "Z03842803RN7PG2CRVGSM",
            "name": "collincornelius.com",
            "name_servers": [
              "ns-1501.awsdns-59.org",
              "ns-1824.awsdns-36.co.uk",
              "ns-289.awsdns-36.com",
              "ns-587.awsdns-09.net"
            ],
            "tags": null,
            "tags_all": {},
            "vpc": [],
            "zone_id": "Z03842803RN7PG2CRVGSM"
          },
          "sensitive_attributes": [],
          "private": "bnVsbA=="
        }
      ]
    },
    {
      "mode": "managed",
      "type": "aws_s3_bucket",
      "name": "pianosite_static",
      "provider": "provider[\"registry.terraform.io/hashicorp/aws\"]",
      "instances": [
        {
          "schema_version": 0,
          "attributes": {
            "acceleration_status": "",
            "acl": "public-read",
            "arn": "arn:aws:s3:::collincornelius.com",
            "bucket": "collincornelius.com",
            "bucket_domain_name": "collincornelius.com.s3.amazonaws.com",
            "bucket_prefix": null,
            "bucket_regional_domain_name": "collincornelius.com.s3.us-west-2.amazonaws.com",
            "cors_rule": [],
            "force_destroy": false,
            "grant": [],
            "hosted_zone_id": "Z3BJ6K6RIION7M",
            "id": "collincornelius.com",
            "lifecycle_rule": [],
            "logging": [],
            "object_lock_configuration": [],
            "policy": "{\"Statement\":[{\"Action\":\"s3:GetObject\",\"Effect\":\"Allow\",\"Principal\":\"*\",\"Resource\":\"arn:aws:s3:::collincornelius.com/*\",\"Sid\":\"PublicReadGetObject\"}],\"Version\":\"2012-10-17\"}",
            "region": "us-west-2",
            "replication_configuration": [],
            "request_payer": "BucketOwner",
            "server_side_encryption_configuration": [],
            "tags": null,
            "tags_all": {},
            "versioning": [
              {
                "enabled": false,
                "mfa_delete": false
              }
            ],
            "website": [
              {
                "error_document": "error.html",
                "index_document": "index.html",
                "redirect_all_requests_to": "",
                "routing_rules": ""
              }
            ],
            "website_domain": "s3-website-us-west-2.amazonaws.com",
            "website_endpoint": "collincornelius.com.s3-website-us-west-2.amazonaws.com"
          },
          "sensitive_attributes": [],
          "private": "bnVsbA=="
        }
      ]
    }
  ]
}
